
Microsoft Visual Studio Solution File, Format Version 12.00
# Visual Studio Version 17
VisualStudioVersion = 17.13.35913.81 d17.13
MinimumVisualStudioVersion = 10.0.40219.1
Project("{FAE04EC0-301F-11D3-BF4B-00C04F79EFBC}") = "BrinquedoAPIv2", "BrinquedoAPIv2\BrinquedoAPIv2.csproj", "{8594E93C-0AE2-4912-84A5-8488E6537061}"
EndProject
Global
	GlobalSection(SolutionConfigurationPlatforms) = preSolution
		Debug|Any CPU = Debug|Any CPU
		Release|Any CPU = Release|Any CPU
	EndGlobalSection
	GlobalSection(ProjectConfigurationPlatforms) = postSolution
		{8594E93C-0AE2-4912-84A5-8488E6537061}.Debug|Any CPU.ActiveCfg = Debug|Any CPU
		{8594E93C-0AE2-4912-84A5-8488E6537061}.Debug|Any CPU.Build.0 = Debug|Any CPU
		{8594E93C-0AE2-4912-84A5-8488E6537061}.Release|Any CPU.ActiveCfg = Release|Any CPU
		{8594E93C-0AE2-4912-84A5-8488E6537061}.Release|Any CPU.Build.0 = Release|Any CPU
	EndGlobalSection
	GlobalSection(SolutionProperties) = preSolution
		HideSolutionNode = FALSE
	EndGlobalSection
	GlobalSection(ExtensibilityGlobals) = postSolution
		SolutionGuid = {43AEECDD-CD32-4178-A3F4-680B82F3F471}
	EndGlobalSection
EndGlobal
